
Microsoft Visual Studio Solution File, Format Version 12.00
# Visual Studio 15
VisualStudioVersion = 15.0.26730.16
MinimumVisualStudioVersion = 10.0.40219.1
Project("{D954291E-2A0B-460D-934E-DC6B0785DB48}") = "Kumanofes2017", "Kumanofes2017\Kumanofes2017\Kumanofes2017.shproj", "{BF0F6271-0E0B-4C6A-87BB-BF866A115C7E}"
EndProject
Project("{FAE04EC0-301F-11D3-BF4B-00C04F79EFBC}") = "Kumanofes2017.Android", "Kumanofes2017\Kumanofes2017.Android\Kumanofes2017.Android.csproj", "{CD8E69F8-8F20-4373-A95F-6E185A5BEE74}"
EndProject
Project("{FAE04EC0-301F-11D3-BF4B-00C04F79EFBC}") = "Kumanofes2017.iOS", "Kumanofes2017\Kumanofes2017.iOS\Kumanofes2017.iOS.csproj", "{78EAADAE-EF1E-428E-8BD3-399B37D6B4FD}"
EndProject
Project("{FAE04EC0-301F-11D3-BF4B-00C04F79EFBC}") = "Kumanofes2017.UWP", "Kumanofes2017\Kumanofes2017.UWP\Kumanofes2017.UWP.csproj", "{264ECCAF-9469-4930-ACA2-82D4278C68AC}"
EndProject
Global
	GlobalSection(SharedMSBuildProjectFiles) = preSolution
		Kumanofes2017\Kumanofes2017\Kumanofes2017.projitems*{264eccaf-9469-4930-aca2-82d4278c68ac}*SharedItemsImports = 4
		Kumanofes2017\Kumanofes2017\Kumanofes2017.projitems*{78eaadae-ef1e-428e-8bd3-399b37d6b4fd}*SharedItemsImports = 4
		Kumanofes2017\Kumanofes2017\Kumanofes2017.projitems*{bf0f6271-0e0b-4c6a-87bb-bf866a115c7e}*SharedItemsImports = 13
		Kumanofes2017\Kumanofes2017\Kumanofes2017.projitems*{cd8e69f8-8f20-4373-a95f-6e185a5bee74}*SharedItemsImports = 4
	EndGlobalSection
	GlobalSection(SolutionConfigurationPlatforms) = preSolution
		Debug|Any CPU = Debug|Any CPU
		Debug|ARM = Debug|ARM
		Debug|iPhone = Debug|iPhone
		Debug|iPhoneSimulator = Debug|iPhoneSimulator
		Debug|x64 = Debug|x64
		Debug|x86 = Debug|x86
		Release|Any CPU = Release|Any CPU
		Release|ARM = Release|ARM
		Release|iPhone = Release|iPhone
		Release|iPhoneSimulator = Release|iPhoneSimulator
		Release|x64 = Release|x64
		Release|x86 = Release|x86
	EndGlobalSection
	GlobalSection(ProjectConfigurationPlatforms) = postSolution
		{CD8E69F8-8F20-4373-A95F-6E185A5BEE74}.Debug|Any CPU.ActiveCfg = Debug|Any CPU
		{CD8E69F8-8F20-4373-A95F-6E185A5BEE74}.Debug|Any CPU.Build.0 = Debug|Any CPU
		{CD8E69F8-8F20-4373-A95F-6E185A5BEE74}.Debug|Any CPU.Deploy.0 = Debug|Any CPU
		{CD8E69F8-8F20-4373-A95F-6E185A5BEE74}.Debug|ARM.ActiveCfg = Debug|Any CPU
		{CD8E69F8-8F20-4373-A95F-6E185A5BEE74}.Debug|ARM.Build.0 = Debug|Any CPU
		{CD8E69F8-8F20-4373-A95F-6E185A5BEE74}.Debug|ARM.Deploy.0 = Debug|Any CPU
		{CD8E69F8-8F20-4373-A95F-6E185A5BEE74}.Debug|iPhone.ActiveCfg = Debug|Any CPU
		{CD8E69F8-8F20-4373-A95F-6E185A5BEE74}.Debug|iPhone.Build.0 = Debug|Any CPU
		{CD8E69F8-8F20-4373-A95F-6E185A5BEE74}.Debug|iPhone.Deploy.0 = Debug|Any CPU
		{CD8E69F8-8F20-4373-A95F-6E185A5BEE74}.Debug|iPhoneSimulator.ActiveCfg = Debug|Any CPU
		{CD8E69F8-8F20-4373-A95F-6E185A5BEE74}.Debug|iPhoneSimulator.Build.0 = Debug|Any CPU
		{CD8E69F8-8F20-4373-A95F-6E185A5BEE74}.Debug|iPhoneSimulator.Deploy.0 = Debug|Any CPU
		{CD8E69F8-8F20-4373-A95F-6E185A5BEE74}.Debug|x64.ActiveCfg = Debug|Any CPU
		{CD8E69F8-8F20-4373-A95F-6E185A5BEE74}.Debug|x64.Build.0 = Debug|Any CPU
		{CD8E69F8-8F20-4373-A95F-6E185A5BEE74}.Debug|x64.Deploy.0 = Debug|Any CPU
		{CD8E69F8-8F20-4373-A95F-6E185A5BEE74}.Debug|x86.ActiveCfg = Debug|Any CPU
		{CD8E69F8-8F20-4373-A95F-6E185A5BEE74}.Debug|x86.Build.0 = Debug|Any CPU
		{CD8E69F8-8F20-4373-A95F-6E185A5BEE74}.Debug|x86.Deploy.0 = Debug|Any CPU
		{CD8E69F8-8F20-4373-A95F-6E185A5BEE74}.Release|Any CPU.ActiveCfg = Release|Any CPU
		{CD8E69F8-8F20-4373-A95F-6E185A5BEE74}.Release|Any CPU.Build.0 = Release|Any CPU
		{CD8E69F8-8F20-4373-A95F-6E185A5BEE74}.Release|Any CPU.Deploy.0 = Release|Any CPU
		{CD8E69F8-8F20-4373-A95F-6E185A5BEE74}.Release|ARM.ActiveCfg = Release|Any CPU
		{CD8E69F8-8F20-4373-A95F-6E185A5BEE74}.Release|ARM.Build.0 = Release|Any CPU
		{CD8E69F8-8F20-4373-A95F-6E185A5BEE74}.Release|ARM.Deploy.0 = Release|Any CPU
		{CD8E69F8-8F20-4373-A95F-6E185A5BEE74}.Release|iPhone.ActiveCfg = Release|Any CPU
		{CD8E69F8-8F20-4373-A95F-6E185A5BEE74}.Release|iPhone.Build.0 = Release|Any CPU
		{CD8E69F8-8F20-4373-A95F-6E185A5BEE74}.Release|iPhone.Deploy.0 = Release|Any CPU
		{CD8E69F8-8F20-4373-A95F-6E185A5BEE74}.Release|iPhoneSimulator.ActiveCfg = Release|Any CPU
		{CD8E69F8-8F20-4373-A95F-6E185A5BEE74}.Release|iPhoneSimulator.Build.0 = Release|Any CPU
		{CD8E69F8-8F20-4373-A95F-6E185A5BEE74}.Release|iPhoneSimulator.Deploy.0 = Release|Any CPU
		{CD8E69F8-8F20-4373-A95F-6E185A5BEE74}.Release|x64.ActiveCfg = Release|Any CPU
		{CD8E69F8-8F20-4373-A95F-6E185A5BEE74}.Release|x64.Build.0 = Release|Any CPU
		{CD8E69F8-8F20-4373-A95F-6E185A5BEE74}.Release|x64.Deploy.0 = Release|Any CPU
		{CD8E69F8-8F20-4373-A95F-6E185A5BEE74}.Release|x86.ActiveCfg = Release|Any CPU
		{CD8E69F8-8F20-4373-A95F-6E185A5BEE74}.Release|x86.Build.0 = Release|Any CPU
		{CD8E69F8-8F20-4373-A95F-6E185A5BEE74}.Release|x86.Deploy.0 = Release|Any CPU
		{78EAADAE-EF1E-428E-8BD3-399B37D6B4FD}.Debug|Any CPU.ActiveCfg = Debug|iPhone
		{78EAADAE-EF1E-428E-8BD3-399B37D6B4FD}.Debug|ARM.ActiveCfg = Debug|iPhone
		{78EAADAE-EF1E-428E-8BD3-399B37D6B4FD}.Debug|iPhone.ActiveCfg = Debug|iPhone
		{78EAADAE-EF1E-428E-8BD3-399B37D6B4FD}.Debug|iPhone.Build.0 = Debug|iPhone
		{78EAADAE-EF1E-428E-8BD3-399B37D6B4FD}.Debug|iPhoneSimulator.ActiveCfg = Debug|iPhoneSimulator
		{78EAADAE-EF1E-428E-8BD3-399B37D6B4FD}.Debug|iPhoneSimulator.Build.0 = Debug|iPhoneSimulator
		{78EAADAE-EF1E-428E-8BD3-399B37D6B4FD}.Debug|x64.ActiveCfg = Debug|iPhone
		{78EAADAE-EF1E-428E-8BD3-399B37D6B4FD}.Debug|x86.ActiveCfg = Debug|iPhone
		{78EAADAE-EF1E-428E-8BD3-399B37D6B4FD}.Release|Any CPU.ActiveCfg = Release|iPhone
		{78EAADAE-EF1E-428E-8BD3-399B37D6B4FD}.Release|ARM.ActiveCfg = Release|iPhone
		{78EAADAE-EF1E-428E-8BD3-399B37D6B4FD}.Release|iPhone.ActiveCfg = Release|iPhone
		{78EAADAE-EF1E-428E-8BD3-399B37D6B4FD}.Release|iPhone.Build.0 = Release|iPhone
		{78EAADAE-EF1E-428E-8BD3-399B37D6B4FD}.Release|iPhoneSimulator.ActiveCfg = Release|iPhoneSimulator
		{78EAADAE-EF1E-428E-8BD3-399B37D6B4FD}.Release|iPhoneSimulator.Build.0 = Release|iPhoneSimulator
		{78EAADAE-EF1E-428E-8BD3-399B37D6B4FD}.Release|x64.ActiveCfg = Release|iPhone
		{78EAADAE-EF1E-428E-8BD3-399B37D6B4FD}.Release|x86.ActiveCfg = Release|iPhone
		{264ECCAF-9469-4930-ACA2-82D4278C68AC}.Debug|Any CPU.ActiveCfg = Debug|x86
		{264ECCAF-9469-4930-ACA2-82D4278C68AC}.Debug|ARM.ActiveCfg = Debug|ARM
		{264ECCAF-9469-4930-ACA2-82D4278C68AC}.Debug|ARM.Build.0 = Debug|ARM
		{264ECCAF-9469-4930-ACA2-82D4278C68AC}.Debug|ARM.Deploy.0 = Debug|ARM
		{264ECCAF-9469-4930-ACA2-82D4278C68AC}.Debug|iPhone.ActiveCfg = Debug|x86
		{264ECCAF-9469-4930-ACA2-82D4278C68AC}.Debug|iPhoneSimulator.ActiveCfg = Debug|x86
		{264ECCAF-9469-4930-ACA2-82D4278C68AC}.Debug|x64.ActiveCfg = Debug|x64
		{264ECCAF-9469-4930-ACA2-82D4278C68AC}.Debug|x64.Build.0 = Debug|x64
		{264ECCAF-9469-4930-ACA2-82D4278C68AC}.Debug|x64.Deploy.0 = Debug|x64
		{264ECCAF-9469-4930-ACA2-82D4278C68AC}.Debug|x86.ActiveCfg = Debug|x86
		{264ECCAF-9469-4930-ACA2-82D4278C68AC}.Debug|x86.Build.0 = Debug|x86
		{264ECCAF-9469-4930-ACA2-82D4278C68AC}.Debug|x86.Deploy.0 = Debug|x86
		{264ECCAF-9469-4930-ACA2-82D4278C68AC}.Release|Any CPU.ActiveCfg = Release|x86
		{264ECCAF-9469-4930-ACA2-82D4278C68AC}.Release|ARM.ActiveCfg = Release|ARM
		{264ECCAF-9469-4930-ACA2-82D4278C68AC}.Release|ARM.Build.0 = Release|ARM
		{264ECCAF-9469-4930-ACA2-82D4278C68AC}.Release|ARM.Deploy.0 = Release|ARM
		{264ECCAF-9469-4930-ACA2-82D4278C68AC}.Release|iPhone.ActiveCfg = Release|x86
		{264ECCAF-9469-4930-ACA2-82D4278C68AC}.Release|iPhoneSimulator.ActiveCfg = Release|x86
		{264ECCAF-9469-4930-ACA2-82D4278C68AC}.Release|x64.ActiveCfg = Release|x64
		{264ECCAF-9469-4930-ACA2-82D4278C68AC}.Release|x64.Build.0 = Release|x64
		{264ECCAF-9469-4930-ACA2-82D4278C68AC}.Release|x64.Deploy.0 = Release|x64
		{264ECCAF-9469-4930-ACA2-82D4278C68AC}.Release|x86.ActiveCfg = Release|x86
		{264ECCAF-9469-4930-ACA2-82D4278C68AC}.Release|x86.Build.0 = Release|x86
		{264ECCAF-9469-4930-ACA2-82D4278C68AC}.Release|x86.Deploy.0 = Release|x86
	EndGlobalSection
	GlobalSection(SolutionProperties) = preSolution
		HideSolutionNode = FALSE
	EndGlobalSection
	GlobalSection(ExtensibilityGlobals) = postSolution
		SolutionGuid = {3027F936-88A8-43F7-B4BA-60D780CB62E0}
	EndGlobalSection
EndGlobal
